
Microsoft Visual Studio Solution File, Format Version 12.00
Project("{FAE04EC0-301F-11D3-BF4B-00C04F79EFBC}") = "OOP", "OOP\OOP.csproj", "{361375A8-DA46-4F37-A774-CB2369E66530}"
EndProject
Project("{FAE04EC0-301F-11D3-BF4B-00C04F79EFBC}") = "ExceptionRS", "ExceptionRS\ExceptionRS.csproj", "{AD2D1534-D55E-4851-81A9-CE88DDE039CC}"
EndProject
Project("{FAE04EC0-301F-11D3-BF4B-00C04F79EFBC}") = "Delegates", "Delegates\Delegates.csproj", "{E79763F9-BA60-4E2A-8586-09CECBB18D79}"
EndProject
Project("{FAE04EC0-301F-11D3-BF4B-00C04F79EFBC}") = "Interfaces", "Interfaces\Interfaces.csproj", "{F7155D75-654A-4D7B-ACF0-880B23728CBC}"
EndProject
Project("{FAE04EC0-301F-11D3-BF4B-00C04F79EFBC}") = "ExtraOOP", "ExtraOOP\ExtraOOP.csproj", "{11ADE6CE-9984-469D-9EC5-4B4206B83DA2}"
EndProject
Global
	GlobalSection(SolutionConfigurationPlatforms) = preSolution
		Debug|Any CPU = Debug|Any CPU
		Release|Any CPU = Release|Any CPU
	EndGlobalSection
	GlobalSection(ProjectConfigurationPlatforms) = postSolution
		{361375A8-DA46-4F37-A774-CB2369E66530}.Debug|Any CPU.ActiveCfg = Debug|Any CPU
		{361375A8-DA46-4F37-A774-CB2369E66530}.Debug|Any CPU.Build.0 = Debug|Any CPU
		{361375A8-DA46-4F37-A774-CB2369E66530}.Release|Any CPU.ActiveCfg = Release|Any CPU
		{361375A8-DA46-4F37-A774-CB2369E66530}.Release|Any CPU.Build.0 = Release|Any CPU
		{AD2D1534-D55E-4851-81A9-CE88DDE039CC}.Debug|Any CPU.ActiveCfg = Debug|Any CPU
		{AD2D1534-D55E-4851-81A9-CE88DDE039CC}.Debug|Any CPU.Build.0 = Debug|Any CPU
		{AD2D1534-D55E-4851-81A9-CE88DDE039CC}.Release|Any CPU.ActiveCfg = Release|Any CPU
		{AD2D1534-D55E-4851-81A9-CE88DDE039CC}.Release|Any CPU.Build.0 = Release|Any CPU
		{E79763F9-BA60-4E2A-8586-09CECBB18D79}.Debug|Any CPU.ActiveCfg = Debug|Any CPU
		{E79763F9-BA60-4E2A-8586-09CECBB18D79}.Debug|Any CPU.Build.0 = Debug|Any CPU
		{E79763F9-BA60-4E2A-8586-09CECBB18D79}.Release|Any CPU.ActiveCfg = Release|Any CPU
		{E79763F9-BA60-4E2A-8586-09CECBB18D79}.Release|Any CPU.Build.0 = Release|Any CPU
		{F7155D75-654A-4D7B-ACF0-880B23728CBC}.Debug|Any CPU.ActiveCfg = Debug|Any CPU
		{F7155D75-654A-4D7B-ACF0-880B23728CBC}.Debug|Any CPU.Build.0 = Debug|Any CPU
		{F7155D75-654A-4D7B-ACF0-880B23728CBC}.Release|Any CPU.ActiveCfg = Release|Any CPU
		{F7155D75-654A-4D7B-ACF0-880B23728CBC}.Release|Any CPU.Build.0 = Release|Any CPU
		{11ADE6CE-9984-469D-9EC5-4B4206B83DA2}.Debug|Any CPU.ActiveCfg = Debug|Any CPU
		{11ADE6CE-9984-469D-9EC5-4B4206B83DA2}.Debug|Any CPU.Build.0 = Debug|Any CPU
		{11ADE6CE-9984-469D-9EC5-4B4206B83DA2}.Release|Any CPU.ActiveCfg = Release|Any CPU
		{11ADE6CE-9984-469D-9EC5-4B4206B83DA2}.Release|Any CPU.Build.0 = Release|Any CPU
	EndGlobalSection
EndGlobal
